<?xml version="1.0" encoding="UTF-8" standalone="yes" ?>
<CodeBlocks_project_file>
	<FileVersion major="1" minor="6" />
	<Project>
		<Option title="variable" />
		<Option pch_mode="2" />
		<Option compiler="gcc" />
		<Build>
			<Target title="Debug">
				<Option output="bin/Debug/variable" prefix_auto="1" extension_auto="1" />
				<Option object_output="obj/Debug/" />
				<Option type="1" />
				<Option compiler="gcc" />
				<Compiler>
					<Add option="-g" />
				</Compiler>
			</Target>
			<Target title="Release">
				<Option output="bin/Release/variable" prefix_auto="1" extension_auto="1" />
				<Option object_output="obj/Release/" />
				<Option type="1" />
				<Option compiler="gcc" />
				<Compiler>
					<Add option="-O2" />
				</Compiler>
				<Linker>
					<Add option="-s" />
				</Linker>
			</Target>
		</Build>
		<Compiler>
			<Add option="-Wall" />
		</Compiler>
		<Unit filename="err/err.c">
			<Option compilerVar="CC" />
		</Unit>
		<Unit filename="err/err.h" />
		<Unit filename="hash/hash.c">
			<Option compilerVar="CC" />
		</Unit>
		<Unit filename="hash/hash.h" />
		<Unit filename="main.c">
			<Option compilerVar="CC" />
		</Unit>
		<Unit filename="math/math.c">
			<Option compilerVar="CC" />
		</Unit>
		<Unit filename="math/math.h" />
		<Unit filename="operation.c">
			<Option compilerVar="CC" />
		</Unit>
		<Unit filename="operation.h" />
		<Unit filename="str/str.c">
			<Option compilerVar="CC" />
		</Unit>
		<Unit filename="str/str.h" />
		<Unit filename="variable.c">
			<Option compilerVar="CC" />
		</Unit>
		<Unit filename="variable.h" />
		<Extensions>
			<code_completion />
			<envvars />
			<debugger />
			<lib_finder disable_auto="1" />
		</Extensions>
	</Project>
</CodeBlocks_project_file>
